// !$*UTF8*$!
{
	archiveVersion = 1;
	classes = {
	};
	objectVersion = 55;
	objects = {

/* Begin PBXBuildFile section */
		84137AE1283D14D4002B06AE /* GuideComponent.swift in Sources */ = {isa = PBXBuildFile; fileRef = 84137AE0283D14D4002B06AE /* GuideComponent.swift */; };
		849381E0283D127700B70FC4 /* HeaderComponent.swift in Sources */ = {isa = PBXBuildFile; fileRef = 849381DF283D127700B70FC4 /* HeaderComponent.swift */; };
		84D0675B283D78CE0059D748 /* GuideView.swift in Sources */ = {isa = PBXBuildFile; fileRef = 84D0675A283D78CE0059D748 /* GuideView.swift */; };
		84DB9884283B9DA9009A7FDA /* ContentView.swift in Sources */ = {isa = PBXBuildFile; fileRef = 84DB9883283B9DA9009A7FDA /* ContentView.swift */; };
		84DB9886283C3461009A7FDA /* LaunchScreen.storyboard in Resources */ = {isa = PBXBuildFile; fileRef = 84DB9885283C3461009A7FDA /* LaunchScreen.storyboard */; };
		84DB9888283C3C09009A7FDA /* HeaderView.swift in Sources */ = {isa = PBXBuildFile; fileRef = 84DB9887283C3C09009A7FDA /* HeaderView.swift */; };
		84DB988A283C404F009A7FDA /* FooterView.swift in Sources */ = {isa = PBXBuildFile; fileRef = 84DB9889283C404F009A7FDA /* FooterView.swift */; };
		84E23ED3283AE3DB00023730 /* HoneymoonApp.swift in Sources */ = {isa = PBXBuildFile; fileRef = 84E23ED2283AE3DB00023730 /* HoneymoonApp.swift */; };
		84E23ED7283AE3E000023730 /* Assets.xcassets in Resources */ = {isa = PBXBuildFile; fileRef = 84E23ED6283AE3E000023730 /* Assets.xcassets */; };
		84E23EDA283AE3E000023730 /* Preview Assets.xcassets in Resources */ = {isa = PBXBuildFile; fileRef = 84E23ED9283AE3E000023730 /* Preview Assets.xcassets */; };
		84E23EE1283AE63A00023730 /* Sounds in Resources */ = {isa = PBXBuildFile; fileRef = 84E23EE0283AE63A00023730 /* Sounds */; };
		84E23EFD283B929900023730 /* HoneymoonModel.swift in Sources */ = {isa = PBXBuildFile; fileRef = 84E23EFC283B929900023730 /* HoneymoonModel.swift */; };
		84E23F00283B93AA00023730 /* HoneymoonData.swift in Sources */ = {isa = PBXBuildFile; fileRef = 84E23EFF283B93AA00023730 /* HoneymoonData.swift */; };
		84E23F06283B94CA00023730 /* CardView.swift in Sources */ = {isa = PBXBuildFile; fileRef = 84E23F05283B94CA00023730 /* CardView.swift */; };
/* End PBXBuildFile section */

/* Begin PBXFileReference section */
		84137AE0283D14D4002B06AE /* GuideComponent.swift */ = {isa = PBXFileReference; lastKnownFileType = sourcecode.swift; path = GuideComponent.swift; sourceTree = "<group>"; };
		849381DF283D127700B70FC4 /* HeaderComponent.swift */ = {isa = PBXFileReference; lastKnownFileType = sourcecode.swift; path = HeaderComponent.swift; sourceTree = "<group>"; };
		84D0675A283D78CE0059D748 /* GuideView.swift */ = {isa = PBXFileReference; lastKnownFileType = sourcecode.swift; path = GuideView.swift; sourceTree = "<group>"; };
		84DB9883283B9DA9009A7FDA /* ContentView.swift */ = {isa = PBXFileReference; fileEncoding = 4; lastKnownFileType = sourcecode.swift; path = ContentView.swift; sourceTree = "<group>"; };
		84DB9885283C3461009A7FDA /* LaunchScreen.storyboard */ = {isa = PBXFileReference; lastKnownFileType = file.storyboard; path = LaunchScreen.storyboard; sourceTree = "<group>"; };
		84DB9887283C3C09009A7FDA /* HeaderView.swift */ = {isa = PBXFileReference; lastKnownFileType = sourcecode.swift; path = HeaderView.swift; sourceTree = "<group>"; };
		84DB9889283C404F009A7FDA /* FooterView.swift */ = {isa = PBXFileReference; lastKnownFileType = sourcecode.swift; path = FooterView.swift; sourceTree = "<group>"; };
		84E23ECF283AE3DB00023730 /* Honeymoon.app */ = {isa = PBXFileReference; explicitFileType = wrapper.application; includeInIndex = 0; path = Honeymoon.app; sourceTree = BUILT_PRODUCTS_DIR; };
		84E23ED2283AE3DB00023730 /* HoneymoonApp.swift */ = {isa = PBXFileReference; lastKnownFileType = sourcecode.swift; path = HoneymoonApp.swift; sourceTree = "<group>"; };
		84E23ED6283AE3E000023730 /* Assets.xcassets */ = {isa = PBXFileReference; lastKnownFileType = folder.assetcatalog; path = Assets.xcassets; sourceTree = "<group>"; };
		84E23ED9283AE3E000023730 /* Preview Assets.xcassets */ = {isa = PBXFileReference; lastKnownFileType = folder.assetcatalog; path = "Preview Assets.xcassets"; sourceTree = "<group>"; };
		84E23EE0283AE63A00023730 /* Sounds */ = {isa = PBXFileReference; lastKnownFileType = folder; path = Sounds; sourceTree = "<group>"; };
		84E23EFC283B929900023730 /* HoneymoonModel.swift */ = {isa = PBXFileReference; lastKnownFileType = sourcecode.swift; path = HoneymoonModel.swift; sourceTree = "<group>"; };
		84E23EFF283B93AA00023730 /* HoneymoonData.swift */ = {isa = PBXFileReference; lastKnownFileType = sourcecode.swift; path = HoneymoonData.swift; sourceTree = "<group>"; };
		84E23F05283B94CA00023730 /* CardView.swift */ = {isa = PBXFileReference; lastKnownFileType = sourcecode.swift; path = CardView.swift; sourceTree = "<group>"; };
/* End PBXFileReference section */

/* Begin PBXFrameworksBuildPhase section */
		84E23ECC283AE3DB00023730 /* Frameworks */ = {
			isa = PBXFrameworksBuildPhase;
			buildActionMask = 2147483647;
			files = (
			);
			runOnlyForDeploymentPostprocessing = 0;
		};
/* End PBXFrameworksBuildPhase section */

/* Begin PBXGroup section */
		849381DE283D125D00B70FC4 /* Component */ = {
			isa = PBXGroup;
			children = (
				849381DF283D127700B70FC4 /* HeaderComponent.swift */,
				84137AE0283D14D4002B06AE /* GuideComponent.swift */,
			);
			path = Component;
			sourceTree = "<group>";
		};
		84E23EC6283AE3DB00023730 = {
			isa = PBXGroup;
			children = (
				84E23ED1283AE3DB00023730 /* Honeymoon */,
				84E23ED0283AE3DB00023730 /* Products */,
			);
			sourceTree = "<group>";
		};
		84E23ED0283AE3DB00023730 /* Products */ = {
			isa = PBXGroup;
			children = (
				84E23ECF283AE3DB00023730 /* Honeymoon.app */,
			);
			name = Products;
			sourceTree = "<group>";
		};
		84E23ED1283AE3DB00023730 /* Honeymoon */ = {
			isa = PBXGroup;
			children = (
				849381DE283D125D00B70FC4 /* Component */,
				84E23EE0283AE63A00023730 /* Sounds */,
				84E23EFE283B92B200023730 /* Model */,
				84E23F01283B93B900023730 /* Data */,
				84E23F03283B949F00023730 /* View */,
				84E23ED2283AE3DB00023730 /* HoneymoonApp.swift */,
				84E23ED6283AE3E000023730 /* Assets.xcassets */,
				84E23ED8283AE3E000023730 /* Preview Content */,
				84DB9885283C3461009A7FDA /* LaunchScreen.storyboard */,
			);
			path = Honeymoon;
			sourceTree = "<group>";
		};
		84E23ED8283AE3E000023730 /* Preview Content */ = {
			isa = PBXGroup;
			children = (
				84E23ED9283AE3E000023730 /* Preview Assets.xcassets */,
			);
			path = "Preview Content";
			sourceTree = "<group>";
		};
		84E23EFE283B92B200023730 /* Model */ = {
			isa = PBXGroup;
			children = (
				84E23EFC283B929900023730 /* HoneymoonModel.swift */,
			);
			path = Model;
			sourceTree = "<group>";
		};
		84E23F01283B93B900023730 /* Data */ = {
			isa = PBXGroup;
			children = (
				84E23EFF283B93AA00023730 /* HoneymoonData.swift */,
			);
			name = Data;
			path = ..;
			sourceTree = "<group>";
		};
		84E23F03283B949F00023730 /* View */ = {
			isa = PBXGroup;
			children = (
				84DB9883283B9DA9009A7FDA /* ContentView.swift */,
				84E23F05283B94CA00023730 /* CardView.swift */,
				84DB9887283C3C09009A7FDA /* HeaderView.swift */,
				84DB9889283C404F009A7FDA /* FooterView.swift */,
				84D0675A283D78CE0059D748 /* GuideView.swift */,
			);
			path = View;
			sourceTree = "<group>";
		};
/* End PBXGroup section */

/* Begin PBXNativeTarget section */
		84E23ECE283AE3DB00023730 /* Honeymoon */ = {
			isa = PBXNativeTarget;
			buildConfigurationList = 84E23EDD283AE3E000023730 /* Build configuration list for PBXNativeTarget "Honeymoon" */;
			buildPhases = (
				84E23ECB283AE3DB00023730 /* Sources */,
				84E23ECC283AE3DB00023730 /* Frameworks */,
				84E23ECD283AE3DB00023730 /* Resources */,
			);
			buildRules = (
			);
			dependencies = (
			);
			name = Honeymoon;
			productName = Honeymoon;
			productReference = 84E23ECF283AE3DB00023730 /* Honeymoon.app */;
			productType = "com.apple.product-type.application";
		};
/* End PBXNativeTarget section */

/* Begin PBXProject section */
		84E23EC7283AE3DB00023730 /* Project object */ = {
			isa = PBXProject;
			attributes = {
				BuildIndependentTargetsInParallel = 1;
				LastSwiftUpdateCheck = 1330;
				LastUpgradeCheck = 1330;
				TargetAttributes = {
					84E23ECE283AE3DB00023730 = {
						CreatedOnToolsVersion = 13.3.1;
					};
				};
			};
			buildConfigurationList = 84E23ECA283AE3DB00023730 /* Build configuration list for PBXProject "Honeymoon" */;
			compatibilityVersion = "Xcode 13.0";
			developmentRegion = en;
			hasScannedForEncodings = 0;
			knownRegions = (
				en,
				Base,
			);
			mainGroup = 84E23EC6283AE3DB00023730;
			productRefGroup = 84E23ED0283AE3DB00023730 /* Products */;
			projectDirPath = "";
			projectRoot = "";
			targets = (
				84E23ECE283AE3DB00023730 /* Honeymoon */,
			);
		};
/* End PBXProject section */

/* Begin PBXResourcesBuildPhase section */
		84E23ECD283AE3DB00023730 /* Resources */ = {
			isa = PBXResourcesBuildPhase;
			buildActionMask = 2147483647;
			files = (
				84E23EE1283AE63A00023730 /* Sounds in Resources */,
				84DB9886283C3461009A7FDA /* LaunchScreen.storyboard in Resources */,
				84E23EDA283AE3E000023730 /* Preview Assets.xcassets in Resources */,
				84E23ED7283AE3E000023730 /* Assets.xcassets in Resources */,
			);
			runOnlyForDeploymentPostprocessing = 0;
		};
/* End PBXResourcesBuildPhase section */

/* Begin PBXSourcesBuildPhase section */
		84E23ECB283AE3DB00023730 /* Sources */ = {
			isa = PBXSourcesBuildPhase;
			buildActionMask = 2147483647;
			files = (
				84E23F00283B93AA00023730 /* HoneymoonData.swift in Sources */,
				84DB988A283C404F009A7FDA /* FooterView.swift in Sources */,
				84DB9888283C3C09009A7FDA /* HeaderView.swift in Sources */,
				84DB9884283B9DA9009A7FDA /* ContentView.swift in Sources */,
				849381E0283D127700B70FC4 /* HeaderComponent.swift in Sources */,
				84E23EFD283B929900023730 /* HoneymoonModel.swift in Sources */,
				84E23F06283B94CA00023730 /* CardView.swift in Sources */,
				84E23ED3283AE3DB00023730 /* HoneymoonApp.swift in Sources */,
				84137AE1283D14D4002B06AE /* GuideComponent.swift in Sources */,
				84D0675B283D78CE0059D748 /* GuideView.swift in Sources */,
			);
			runOnlyForDeploymentPostprocessing = 0;
		};
/* End PBXSourcesBuildPhase section */

/* Begin XCBuildConfiguration section */
		84E23EDB283AE3E000023730 /* Debug */ = {
			isa = XCBuildConfiguration;
			buildSettings = {
				ALWAYS_SEARCH_USER_PATHS = NO;
				CLANG_ANALYZER_NONNULL = YES;
				CLANG_ANALYZER_NUMBER_OBJECT_CONVERSION = YES_AGGRESSIVE;
				CLANG_CXX_LANGUAGE_STANDARD = "gnu++17";
				CLANG_ENABLE_MODULES = YES;
				CLANG_ENABLE_OBJC_ARC = YES;
				CLANG_ENABLE_OBJC_WEAK = YES;
				CLANG_WARN_BLOCK_CAPTURE_AUTORELEASING = YES;
				CLANG_WARN_BOOL_CONVERSION = YES;
				CLANG_WARN_COMMA = YES;
				CLANG_WARN_CONSTANT_CONVERSION = YES;
				CLANG_WARN_DEPRECATED_OBJC_IMPLEMENTATIONS = YES;
				CLANG_WARN_DIRECT_OBJC_ISA_USAGE = YES_ERROR;
				CLANG_WARN_DOCUMENTATION_COMMENTS = YES;
				CLANG_WARN_EMPTY_BODY = YES;
				CLANG_WARN_ENUM_CONVERSION = YES;
				CLANG_WARN_INFINITE_RECURSION = YES;
				CLANG_WARN_INT_CONVERSION = YES;
				CLANG_WARN_NON_LITERAL_NULL_CONVERSION = YES;
				CLANG_WARN_OBJC_IMPLICIT_RETAIN_SELF = YES;
				CLANG_WARN_OBJC_LITERAL_CONVERSION = YES;
				CLANG_WARN_OBJC_ROOT_CLASS = YES_ERROR;
				CLANG_WARN_QUOTED_INCLUDE_IN_FRAMEWORK_HEADER = YES;
				CLANG_WARN_RANGE_LOOP_ANALYSIS = YES;
				CLANG_WARN_STRICT_PROTOTYPES = YES;
				CLANG_WARN_SUSPICIOUS_MOVE = YES;
				CLANG_WARN_UNGUARDED_AVAILABILITY = YES_AGGRESSIVE;
				CLANG_WARN_UNREACHABLE_CODE = YES;
				CLANG_WARN__DUPLICATE_METHOD_MATCH = YES;
				COPY_PHASE_STRIP = NO;
				DEBUG_INFORMATION_FORMAT = dwarf;
				ENABLE_STRICT_OBJC_MSGSEND = YES;
				ENABLE_TESTABILITY = YES;
				GCC_C_LANGUAGE_STANDARD = gnu11;
				GCC_DYNAMIC_NO_PIC = NO;
				GCC_NO_COMMON_BLOCKS = YES;
				GCC_OPTIMIZATION_LEVEL = 0;
				GCC_PREPROCESSOR_DEFINITIONS = (
					"DEBUG=1",
					"$(inherited)",
				);
				GCC_WARN_64_TO_32_BIT_CONVERSION = YES;
				GCC_WARN_ABOUT_RETURN_TYPE = YES_ERROR;
				GCC_WARN_UNDECLARED_SELECTOR = YES;
				GCC_WARN_UNINITIALIZED_AUTOS = YES_AGGRESSIVE;
				GCC_WARN_UNUSED_FUNCTION = YES;
				GCC_WARN_UNUSED_VARIABLE = YES;
				IPHONEOS_DEPLOYMENT_TARGET = 15.4;
				MTL_ENABLE_DEBUG_INFO = INCLUDE_SOURCE;
				MTL_FAST_MATH = YES;
				ONLY_ACTIVE_ARCH = YES;
				SDKROOT = iphoneos;
				SWIFT_ACTIVE_COMPILATION_CONDITIONS = DEBUG;
				SWIFT_OPTIMIZATION_LEVEL = "-Onone";
			};
			name = Debug;
		};
		84E23EDC283AE3E000023730 /* Release */ = {
			isa = XCBuildConfiguration;
			buildSettings = {
				ALWAYS_SEARCH_USER_PATHS = NO;
				CLANG_ANALYZER_NONNULL = YES;
				CLANG_ANALYZER_NUMBER_OBJECT_CONVERSION = YES_AGGRESSIVE;
				CLANG_CXX_LANGUAGE_STANDARD = "gnu++17";
				CLANG_ENABLE_MODULES = YES;
				CLANG_ENABLE_OBJC_ARC = YES;
				CLANG_ENABLE_OBJC_WEAK = YES;
				CLANG_WARN_BLOCK_CAPTURE_AUTORELEASING = YES;
				CLANG_WARN_BOOL_CONVERSION = YES;
				CLANG_WARN_COMMA = YES;
				CLANG_WARN_CONSTANT_CONVERSION = YES;
				CLANG_WARN_DEPRECATED_OBJC_IMPLEMENTATIONS = YES;
				CLANG_WARN_DIRECT_OBJC_ISA_USAGE = YES_ERROR;
				CLANG_WARN_DOCUMENTATION_COMMENTS = YES;
				CLANG_WARN_EMPTY_BODY = YES;
				CLANG_WARN_ENUM_CONVERSION = YES;
				CLANG_WARN_INFINITE_RECURSION = YES;
				CLANG_WARN_INT_CONVERSION = YES;
				CLANG_WARN_NON_LITERAL_NULL_CONVERSION = YES;
				CLANG_WARN_OBJC_IMPLICIT_RETAIN_SELF = YES;
				CLANG_WARN_OBJC_LITERAL_CONVERSION = YES;
				CLANG_WARN_OBJC_ROOT_CLASS = YES_ERROR;
				CLANG_WARN_QUOTED_INCLUDE_IN_FRAMEWORK_HEADER = YES;
				CLANG_WARN_RANGE_LOOP_ANALYSIS = YES;
				CLANG_WARN_STRICT_PROTOTYPES = YES;
				CLANG_WARN_SUSPICIOUS_MOVE = YES;
				CLANG_WARN_UNGUARDED_AVAILABILITY = YES_AGGRESSIVE;
				CLANG_WARN_UNREACHABLE_CODE = YES;
				CLANG_WARN__DUPLICATE_METHOD_MATCH = YES;
				COPY_PHASE_STRIP = NO;
				DEBUG_INFORMATION_FORMAT = "dwarf-with-dsym";
				ENABLE_NS_ASSERTIONS = NO;
				ENABLE_STRICT_OBJC_MSGSEND = YES;
				GCC_C_LANGUAGE_STANDARD = gnu11;
				GCC_NO_COMMON_BLOCKS = YES;
				GCC_WARN_64_TO_32_BIT_CONVERSION = YES;
				GCC_WARN_ABOUT_RETURN_TYPE = YES_ERROR;
				GCC_WARN_UNDECLARED_SELECTOR = YES;
				GCC_WARN_UNINITIALIZED_AUTOS = YES_AGGRESSIVE;
				GCC_WARN_UNUSED_FUNCTION = YES;
				GCC_WARN_UNUSED_VARIABLE = YES;
				IPHONEOS_DEPLOYMENT_TARGET = 15.4;
				MTL_ENABLE_DEBUG_INFO = NO;
				MTL_FAST_MATH = YES;
				SDKROOT = iphoneos;
				SWIFT_COMPILATION_MODE = wholemodule;
				SWIFT_OPTIMIZATION_LEVEL = "-O";
				VALIDATE_PRODUCT = YES;
			};
			name = Release;
		};
		84E23EDE283AE3E000023730 /* Debug */ = {
			isa = XCBuildConfiguration;
			buildSettings = {
				ASSETCATALOG_COMPILER_APPICON_NAME = AppIcon;
				ASSETCATALOG_COMPILER_GLOBAL_ACCENT_COLOR_NAME = AccentColor;
				CODE_SIGN_STYLE = Automatic;
				CURRENT_PROJECT_VERSION = 1;
				DEVELOPMENT_ASSET_PATHS = "\"Honeymoon/Preview Content\"";
				DEVELOPMENT_TEAM = 3PUAX97332;
				ENABLE_PREVIEWS = YES;
				GENERATE_INFOPLIST_FILE = YES;
				INFOPLIST_KEY_UIApplicationSceneManifest_Generation = YES;
				INFOPLIST_KEY_UIApplicationSupportsIndirectInputEvents = YES;
				INFOPLIST_KEY_UILaunchScreen_Generation = YES;
				INFOPLIST_KEY_UISupportedInterfaceOrientations = UIInterfaceOrientationPortrait;
				INFOPLIST_KEY_UISupportedInterfaceOrientations_iPad = "UIInterfaceOrientationPortrait UIInterfaceOrientationPortraitUpsideDown UIInterfaceOrientationLandscapeLeft UIInterfaceOrientationLandscapeRight";
				INFOPLIST_KEY_UISupportedInterfaceOrientations_iPhone = "UIInterfaceOrientationPortrait UIInterfaceOrientationLandscapeLeft UIInterfaceOrientationLandscapeRight";
				LD_RUNPATH_SEARCH_PATHS = (
					"$(inherited)",
					"@executable_path/Frameworks",
				);
				MARKETING_VERSION = 1.0;
				PRODUCT_BUNDLE_IDENTIFIER = com.echoteam.Honeymoon;
				PRODUCT_NAME = "$(TARGET_NAME)";
				SWIFT_EMIT_LOC_STRINGS = YES;
				SWIFT_VERSION = 5.0;
				TARGETED_DEVICE_FAMILY = "1,2";
			};
			name = Debug;
		};
		84E23EDF283AE3E000023730 /* Release */ = {
			isa = XCBuildConfiguration;
			buildSettings = {
				ASSETCATALOG_COMPILER_APPICON_NAME = AppIcon;
				ASSETCATALOG_COMPILER_GLOBAL_ACCENT_COLOR_NAME = AccentColor;
				CODE_SIGN_STYLE = Automatic;
				CURRENT_PROJECT_VERSION = 1;
				DEVELOPMENT_ASSET_PATHS = "\"Honeymoon/Preview Content\"";
				DEVELOPMENT_TEAM = 3PUAX97332;
				ENABLE_PREVIEWS = YES;
				GENERATE_INFOPLIST_FILE = YES;
				INFOPLIST_KEY_UIApplicationSceneManifest_Generation = YES;
				INFOPLIST_KEY_UIApplicationSupportsIndirectInputEvents = YES;
				INFOPLIST_KEY_UILaunchScreen_Generation = YES;
				INFOPLIST_KEY_UISupportedInterfaceOrientations = UIInterfaceOrientationPortrait;
				INFOPLIST_KEY_UISupportedInterfaceOrientations_iPad = "UIInterfaceOrientationPortrait UIInterfaceOrientationPortraitUpsideDown UIInterfaceOrientationLandscapeLeft UIInterfaceOrientationLandscapeRight";
				INFOPLIST_KEY_UISupportedInterfaceOrientations_iPhone = "UIInterfaceOrientationPortrait UIInterfaceOrientationLandscapeLeft UIInterfaceOrientationLandscapeRight";
				LD_RUNPATH_SEARCH_PATHS = (
					"$(inherited)",
					"@executable_path/Frameworks",
				);
				MARKETING_VERSION = 1.0;
				PRODUCT_BUNDLE_IDENTIFIER = com.echoteam.Honeymoon;
				PRODUCT_NAME = "$(TARGET_NAME)";
				SWIFT_EMIT_LOC_STRINGS = YES;
				SWIFT_VERSION = 5.0;
				TARGETED_DEVICE_FAMILY = "1,2";
			};
			name = Release;
		};
/* End XCBuildConfiguration section */

/* Begin XCConfigurationList section */
		84E23ECA283AE3DB00023730 /* Build configuration list for PBXProject "Honeymoon" */ = {
			isa = XCConfigurationList;
			buildConfigurations = (
				84E23EDB283AE3E000023730 /* Debug */,
				84E23EDC283AE3E000023730 /* Release */,
			);
			defaultConfigurationIsVisible = 0;
			defaultConfigurationName = Release;
		};
		84E23EDD283AE3E000023730 /* Build configuration list for PBXNativeTarget "Honeymoon" */ = {
			isa = XCConfigurationList;
			buildConfigurations = (
				84E23EDE283AE3E000023730 /* Debug */,
				84E23EDF283AE3E000023730 /* Release */,
			);
			defaultConfigurationIsVisible = 0;
			defaultConfigurationName = Release;
		};
/* End XCConfigurationList section */
	};
	rootObject = 84E23EC7283AE3DB00023730 /* Project object */;
}
